
Microsoft Visual Studio Solution File, Format Version 12.00
# Visual Studio Version 17
VisualStudioVersion = 17.9.34622.214
MinimumVisualStudioVersion = 10.0.40219.1
Project("{FAE04EC0-301F-11D3-BF4B-00C04F79EFBC}") = "wform1", "wform1.csproj", "{54D5CAD0-CA2C-4C0A-96D5-45BE727C5451}"
EndProject
Global
	GlobalSection(SolutionConfigurationPlatforms) = preSolution
		Debug|Any CPU = Debug|Any CPU
		Release|Any CPU = Release|Any CPU
	EndGlobalSection
	GlobalSection(ProjectConfigurationPlatforms) = postSolution
		{54D5CAD0-CA2C-4C0A-96D5-45BE727C5451}.Debug|Any CPU.ActiveCfg = Debug|Any CPU
		{54D5CAD0-CA2C-4C0A-96D5-45BE727C5451}.Debug|Any CPU.Build.0 = Debug|Any CPU
		{54D5CAD0-CA2C-4C0A-96D5-45BE727C5451}.Release|Any CPU.ActiveCfg = Release|Any CPU
		{54D5CAD0-CA2C-4C0A-96D5-45BE727C5451}.Release|Any CPU.Build.0 = Release|Any CPU
	EndGlobalSection
	GlobalSection(SolutionProperties) = preSolution
		HideSolutionNode = FALSE
	EndGlobalSection
	GlobalSection(ExtensibilityGlobals) = postSolution
		SolutionGuid = {CCB1EB5D-E806-45FE-BC9A-F65E50E1FD03}
	EndGlobalSection
EndGlobal
